
Microsoft Visual Studio Solution File, Format Version 12.00
# Visual Studio Version 17
VisualStudioVersion = 17.11.35312.102
MinimumVisualStudioVersion = 10.0.40219.1
Project("{FAE04EC0-301F-11D3-BF4B-00C04F79EFBC}") = "USLR", "USLR.csproj", "{C254B0F5-9F2C-4F26-9FB6-D23B3D13B6A1}"
EndProject
Global
	GlobalSection(SolutionConfigurationPlatforms) = preSolution
		Debug|Any CPU = Debug|Any CPU
		Release|Any CPU = Release|Any CPU
	EndGlobalSection
	GlobalSection(ProjectConfigurationPlatforms) = postSolution
		{C254B0F5-9F2C-4F26-9FB6-D23B3D13B6A1}.Debug|Any CPU.ActiveCfg = Debug|Any CPU
		{C254B0F5-9F2C-4F26-9FB6-D23B3D13B6A1}.Debug|Any CPU.Build.0 = Debug|Any CPU
		{C254B0F5-9F2C-4F26-9FB6-D23B3D13B6A1}.Release|Any CPU.ActiveCfg = Release|Any CPU
		{C254B0F5-9F2C-4F26-9FB6-D23B3D13B6A1}.Release|Any CPU.Build.0 = Release|Any CPU
	EndGlobalSection
	GlobalSection(SolutionProperties) = preSolution
		HideSolutionNode = FALSE
	EndGlobalSection
	GlobalSection(ExtensibilityGlobals) = postSolution
		SolutionGuid = {ABE3CB7E-C04E-48D0-905E-B5B1785D376D}
	EndGlobalSection
EndGlobal
